
Microsoft Visual Studio Solution File, Format Version 12.00
# Visual Studio Version 16
VisualStudioVersion = 16.0.29920.165
MinimumVisualStudioVersion = 10.0.40219.1
Project("{FAE04EC0-301F-11D3-BF4B-00C04F79EFBC}") = "BankForm", "BankForm.csproj", "{CCAA8037-CADD-4A7D-B179-CB004337CA36}"
EndProject
Global
	GlobalSection(SolutionConfigurationPlatforms) = preSolution
		Debug|Any CPU = Debug|Any CPU
		Release|Any CPU = Release|Any CPU
	EndGlobalSection
	GlobalSection(ProjectConfigurationPlatforms) = postSolution
		{CCAA8037-CADD-4A7D-B179-CB004337CA36}.Debug|Any CPU.ActiveCfg = Debug|Any CPU
		{CCAA8037-CADD-4A7D-B179-CB004337CA36}.Debug|Any CPU.Build.0 = Debug|Any CPU
		{CCAA8037-CADD-4A7D-B179-CB004337CA36}.Release|Any CPU.ActiveCfg = Release|Any CPU
		{CCAA8037-CADD-4A7D-B179-CB004337CA36}.Release|Any CPU.Build.0 = Release|Any CPU
	EndGlobalSection
	GlobalSection(SolutionProperties) = preSolution
		HideSolutionNode = FALSE
	EndGlobalSection
	GlobalSection(ExtensibilityGlobals) = postSolution
		SolutionGuid = {875F1C49-82B2-4A63-AC9E-61ED1C37CBC0}
	EndGlobalSection
EndGlobal
